PODS:
  - Alamofire (4.8.2)
  - Nuke (8.0.1)

DEPENDENCIES:
  - Alamofire
  - Nuke

SPEC REPOS:
  https://github.com/cocoapods/specs.git:
    - Alamofire
    - Nuke

SPEC CHECKSUMS:
  Alamofire: ae5c501addb7afdbb13687d7f2f722c78734c2d3
  Nuke: e6a65472f59c1bfe779cb495760951f0121ef7c0

PODFILE CHECKSUM: 6d7d3d43750792438761be010ebdd4eaedfcf56b

COCOAPODS: 1.7.5
